
Microsoft Visual Studio Solution File, Format Version 12.00
# Visual Studio Version 17
VisualStudioVersion = 17.11.35327.3
MinimumVisualStudioVersion = 10.0.40219.1
Project("{9A19103F-16F7-4668-BE54-9A1E7A4F7556}") = "LabFourClassLib", "LabFourClassLib\LabFourClassLib.csproj", "{A9177A1F-3815-4759-A9B8-3CC9D6E9CFED}"
EndProject
Project("{FAE04EC0-301F-11D3-BF4B-00C04F79EFBC}") = "StringExtensionApp", "StringExtensionApp\StringExtensionApp.csproj", "{CA85ACFA-AA1F-4E36-B166-CAE3C535E544}"
EndProject
Global
	GlobalSection(SolutionConfigurationPlatforms) = preSolution
		Debug|Any CPU = Debug|Any CPU
		Release|Any CPU = Release|Any CPU
	EndGlobalSection
	GlobalSection(ProjectConfigurationPlatforms) = postSolution
		{A9177A1F-3815-4759-A9B8-3CC9D6E9CFED}.Debug|Any CPU.ActiveCfg = Debug|Any CPU
		{A9177A1F-3815-4759-A9B8-3CC9D6E9CFED}.Debug|Any CPU.Build.0 = Debug|Any CPU
		{A9177A1F-3815-4759-A9B8-3CC9D6E9CFED}.Release|Any CPU.ActiveCfg = Release|Any CPU
		{A9177A1F-3815-4759-A9B8-3CC9D6E9CFED}.Release|Any CPU.Build.0 = Release|Any CPU
		{CA85ACFA-AA1F-4E36-B166-CAE3C535E544}.Debug|Any CPU.ActiveCfg = Debug|Any CPU
		{CA85ACFA-AA1F-4E36-B166-CAE3C535E544}.Debug|Any CPU.Build.0 = Debug|Any CPU
		{CA85ACFA-AA1F-4E36-B166-CAE3C535E544}.Release|Any CPU.ActiveCfg = Release|Any CPU
		{CA85ACFA-AA1F-4E36-B166-CAE3C535E544}.Release|Any CPU.Build.0 = Release|Any CPU
	EndGlobalSection
	GlobalSection(SolutionProperties) = preSolution
		HideSolutionNode = FALSE
	EndGlobalSection
	GlobalSection(ExtensibilityGlobals) = postSolution
		SolutionGuid = {D7F35BD8-E172-4F6F-966F-842CD7A678D0}
	EndGlobalSection
EndGlobal
